
Microsoft Visual Studio Solution File, Format Version 12.00
# Visual Studio Version 16
VisualStudioVersion = 16.0.31005.135
MinimumVisualStudioVersion = 10.0.40219.1
Project("{FAE04EC0-301F-11D3-BF4B-00C04F79EFBC}") = "MvcProjeKampi", "MvcProjeKampi\MvcProjeKampi.csproj", "{DBA1F123-0C20-4245-8FDF-8363CF17FB0C}"
EndProject
Project("{FAE04EC0-301F-11D3-BF4B-00C04F79EFBC}") = "Entity", "Entity\Entity.csproj", "{ABB8B5ED-D19C-4A9A-925A-A914E5C13FCE}"
EndProject
Project("{FAE04EC0-301F-11D3-BF4B-00C04F79EFBC}") = "DataAccess", "DataAccess\DataAccess.csproj", "{17EFDB6C-AF99-461D-9B43-A94A76F6BE93}"
EndProject
Project("{FAE04EC0-301F-11D3-BF4B-00C04F79EFBC}") = "Business", "Business\Business.csproj", "{065D4CFC-4812-4096-BFA8-3DDC253F5F31}"
EndProject
Global
	GlobalSection(SolutionConfigurationPlatforms) = preSolution
		Debug|Any CPU = Debug|Any CPU
		Release|Any CPU = Release|Any CPU
	EndGlobalSection
	GlobalSection(ProjectConfigurationPlatforms) = postSolution
		{DBA1F123-0C20-4245-8FDF-8363CF17FB0C}.Debug|Any CPU.ActiveCfg = Debug|Any CPU
		{DBA1F123-0C20-4245-8FDF-8363CF17FB0C}.Debug|Any CPU.Build.0 = Debug|Any CPU
		{DBA1F123-0C20-4245-8FDF-8363CF17FB0C}.Release|Any CPU.ActiveCfg = Release|Any CPU
		{DBA1F123-0C20-4245-8FDF-8363CF17FB0C}.Release|Any CPU.Build.0 = Release|Any CPU
		{ABB8B5ED-D19C-4A9A-925A-A914E5C13FCE}.Debug|Any CPU.ActiveCfg = Debug|Any CPU
		{ABB8B5ED-D19C-4A9A-925A-A914E5C13FCE}.Debug|Any CPU.Build.0 = Debug|Any CPU
		{ABB8B5ED-D19C-4A9A-925A-A914E5C13FCE}.Release|Any CPU.ActiveCfg = Release|Any CPU
		{ABB8B5ED-D19C-4A9A-925A-A914E5C13FCE}.Release|Any CPU.Build.0 = Release|Any CPU
		{17EFDB6C-AF99-461D-9B43-A94A76F6BE93}.Debug|Any CPU.ActiveCfg = Debug|Any CPU
		{17EFDB6C-AF99-461D-9B43-A94A76F6BE93}.Debug|Any CPU.Build.0 = Debug|Any CPU
		{17EFDB6C-AF99-461D-9B43-A94A76F6BE93}.Release|Any CPU.ActiveCfg = Release|Any CPU
		{17EFDB6C-AF99-461D-9B43-A94A76F6BE93}.Release|Any CPU.Build.0 = Release|Any CPU
		{065D4CFC-4812-4096-BFA8-3DDC253F5F31}.Debug|Any CPU.ActiveCfg = Debug|Any CPU
		{065D4CFC-4812-4096-BFA8-3DDC253F5F31}.Debug|Any CPU.Build.0 = Debug|Any CPU
		{065D4CFC-4812-4096-BFA8-3DDC253F5F31}.Release|Any CPU.ActiveCfg = Release|Any CPU
		{065D4CFC-4812-4096-BFA8-3DDC253F5F31}.Release|Any CPU.Build.0 = Release|Any CPU
	EndGlobalSection
	GlobalSection(SolutionProperties) = preSolution
		HideSolutionNode = FALSE
	EndGlobalSection
	GlobalSection(ExtensibilityGlobals) = postSolution
		SolutionGuid = {B87B74A0-9E7A-45F9-A8D9-C74BA0EBE3A1}
	EndGlobalSection
EndGlobal
